
Microsoft Visual Studio Solution File, Format Version 12.00
# Visual Studio Version 17
VisualStudioVersion = 17.9.34714.143
MinimumVisualStudioVersion = 10.0.40219.1
Project("{FAE04EC0-301F-11D3-BF4B-00C04F79EFBC}") = "BooksAPI", "BooksAPI.csproj", "{57095E2A-9991-4AE0-81B6-6DA4A43A07B5}"
EndProject
Global
	GlobalSection(SolutionConfigurationPlatforms) = preSolution
		Debug|Any CPU = Debug|Any CPU
		Release|Any CPU = Release|Any CPU
	EndGlobalSection
	GlobalSection(ProjectConfigurationPlatforms) = postSolution
		{57095E2A-9991-4AE0-81B6-6DA4A43A07B5}.Debug|Any CPU.ActiveCfg = Debug|Any CPU
		{57095E2A-9991-4AE0-81B6-6DA4A43A07B5}.Debug|Any CPU.Build.0 = Debug|Any CPU
		{57095E2A-9991-4AE0-81B6-6DA4A43A07B5}.Release|Any CPU.ActiveCfg = Release|Any CPU
		{57095E2A-9991-4AE0-81B6-6DA4A43A07B5}.Release|Any CPU.Build.0 = Release|Any CPU
	EndGlobalSection
	GlobalSection(SolutionProperties) = preSolution
		HideSolutionNode = FALSE
	EndGlobalSection
	GlobalSection(ExtensibilityGlobals) = postSolution
		SolutionGuid = {8C42A2F9-D32E-4BA9-9E0A-3F87949CF296}
	EndGlobalSection
EndGlobal
